
Microsoft Visual Studio Solution File, Format Version 12.00
# Visual Studio Version 17
VisualStudioVersion = 17.13.35825.156 d17.13
MinimumVisualStudioVersion = 10.0.40219.1
Project("{FAE04EC0-301F-11D3-BF4B-00C04F79EFBC}") = "PorscheDealership", "PorscheDealership\PorscheDealership.csproj", "{E9B75122-6F66-4328-9618-F3E69FAB2F15}"
EndProject
Global
	GlobalSection(SolutionConfigurationPlatforms) = preSolution
		Debug|Any CPU = Debug|Any CPU
		Release|Any CPU = Release|Any CPU
	EndGlobalSection
	GlobalSection(ProjectConfigurationPlatforms) = postSolution
		{E9B75122-6F66-4328-9618-F3E69FAB2F15}.Debug|Any CPU.ActiveCfg = Debug|Any CPU
		{E9B75122-6F66-4328-9618-F3E69FAB2F15}.Debug|Any CPU.Build.0 = Debug|Any CPU
		{E9B75122-6F66-4328-9618-F3E69FAB2F15}.Release|Any CPU.ActiveCfg = Release|Any CPU
		{E9B75122-6F66-4328-9618-F3E69FAB2F15}.Release|Any CPU.Build.0 = Release|Any CPU
	EndGlobalSection
	GlobalSection(SolutionProperties) = preSolution
		HideSolutionNode = FALSE
	EndGlobalSection
	GlobalSection(ExtensibilityGlobals) = postSolution
		SolutionGuid = {4A6CCBBB-A5B4-423B-8013-99721C99246C}
	EndGlobalSection
EndGlobal
